// !$*UTF8*$!
{
	archiveVersion = 1;
	classes = {
	};
	objectVersion = 56;
	objects = {

/* Begin PBXBuildFile section */
		4D0D1E5F2B3069B500A407D9 /* backgroundsandoverlays.swift in Sources */ = {isa = PBXBuildFile; fileRef = 4D0D1E5E2B3069B500A407D9 /* backgroundsandoverlays.swift */; };
		4D0D1E612B306EBE00A407D9 /* overlays.swift in Sources */ = {isa = PBXBuildFile; fileRef = 4D0D1E602B306EBE00A407D9 /* overlays.swift */; };
		4D0D1E632B31313F00A407D9 /* overlaysandbackgroundspractical.swift in Sources */ = {isa = PBXBuildFile; fileRef = 4D0D1E622B31313F00A407D9 /* overlaysandbackgroundspractical.swift */; };
		4D0D1E652B31452F00A407D9 /* stackviews.swift in Sources */ = {isa = PBXBuildFile; fileRef = 4D0D1E642B31452F00A407D9 /* stackviews.swift */; };
		4D0D1E672B314D3600A407D9 /* paddings.swift in Sources */ = {isa = PBXBuildFile; fileRef = 4D0D1E662B314D3600A407D9 /* paddings.swift */; };
		4DF1DF1A2B2605F7005106A4 /* testSwiftUIApp.swift in Sources */ = {isa = PBXBuildFile; fileRef = 4DF1DF192B2605F7005106A4 /* testSwiftUIApp.swift */; };
		4DF1DF1C2B2605F7005106A4 /* ContentView.swift in Sources */ = {isa = PBXBuildFile; fileRef = 4DF1DF1B2B2605F7005106A4 /* ContentView.swift */; };
		4DF1DF1E2B2605FA005106A4 /* Assets.xcassets in Resources */ = {isa = PBXBuildFile; fileRef = 4DF1DF1D2B2605FA005106A4 /* Assets.xcassets */; };
		4DF1DF212B2605FA005106A4 /* Preview Assets.xcassets in Resources */ = {isa = PBXBuildFile; fileRef = 4DF1DF202B2605FA005106A4 /* Preview Assets.xcassets */; };
		4DF1DF282B26A675005106A4 /* Gradiants.swift in Sources */ = {isa = PBXBuildFile; fileRef = 4DF1DF272B26A675005106A4 /* Gradiants.swift */; };
		4DF1DF2A2B27ED7A005106A4 /* systemIcons.swift in Sources */ = {isa = PBXBuildFile; fileRef = 4DF1DF292B27ED7A005106A4 /* systemIcons.swift */; };
		4DF1DF2C2B27F263005106A4 /* Images.swift in Sources */ = {isa = PBXBuildFile; fileRef = 4DF1DF2B2B27F263005106A4 /* Images.swift */; };
		4DF1DF2E2B289283005106A4 /* frams.swift in Sources */ = {isa = PBXBuildFile; fileRef = 4DF1DF2D2B289283005106A4 /* frams.swift */; };
/* End PBXBuildFile section */

/* Begin PBXFileReference section */
		4D0D1E5E2B3069B500A407D9 /* backgroundsandoverlays.swift */ = {isa = PBXFileReference; lastKnownFileType = sourcecode.swift; path = backgroundsandoverlays.swift; sourceTree = "<group>"; };
		4D0D1E602B306EBE00A407D9 /* overlays.swift */ = {isa = PBXFileReference; lastKnownFileType = sourcecode.swift; path = overlays.swift; sourceTree = "<group>"; };
		4D0D1E622B31313F00A407D9 /* overlaysandbackgroundspractical.swift */ = {isa = PBXFileReference; lastKnownFileType = sourcecode.swift; path = overlaysandbackgroundspractical.swift; sourceTree = "<group>"; };
		4D0D1E642B31452F00A407D9 /* stackviews.swift */ = {isa = PBXFileReference; lastKnownFileType = sourcecode.swift; path = stackviews.swift; sourceTree = "<group>"; };
		4D0D1E662B314D3600A407D9 /* paddings.swift */ = {isa = PBXFileReference; lastKnownFileType = sourcecode.swift; path = paddings.swift; sourceTree = "<group>"; };
		4DF1DF162B2605F7005106A4 /* testSwiftUI.app */ = {isa = PBXFileReference; explicitFileType = wrapper.application; includeInIndex = 0; path = testSwiftUI.app; sourceTree = BUILT_PRODUCTS_DIR; };
		4DF1DF192B2605F7005106A4 /* testSwiftUIApp.swift */ = {isa = PBXFileReference; lastKnownFileType = sourcecode.swift; path = testSwiftUIApp.swift; sourceTree = "<group>"; };
		4DF1DF1B2B2605F7005106A4 /* ContentView.swift */ = {isa = PBXFileReference; lastKnownFileType = sourcecode.swift; path = ContentView.swift; sourceTree = "<group>"; };
		4DF1DF1D2B2605FA005106A4 /* Assets.xcassets */ = {isa = PBXFileReference; lastKnownFileType = folder.assetcatalog; path = Assets.xcassets; sourceTree = "<group>"; };
		4DF1DF202B2605FA005106A4 /* Preview Assets.xcassets */ = {isa = PBXFileReference; lastKnownFileType = folder.assetcatalog; path = "Preview Assets.xcassets"; sourceTree = "<group>"; };
		4DF1DF272B26A675005106A4 /* Gradiants.swift */ = {isa = PBXFileReference; lastKnownFileType = sourcecode.swift; path = Gradiants.swift; sourceTree = "<group>"; };
		4DF1DF292B27ED7A005106A4 /* systemIcons.swift */ = {isa = PBXFileReference; lastKnownFileType = sourcecode.swift; path = systemIcons.swift; sourceTree = "<group>"; };
		4DF1DF2B2B27F263005106A4 /* Images.swift */ = {isa = PBXFileReference; lastKnownFileType = sourcecode.swift; path = Images.swift; sourceTree = "<group>"; };
		4DF1DF2D2B289283005106A4 /* frams.swift */ = {isa = PBXFileReference; lastKnownFileType = sourcecode.swift; path = frams.swift; sourceTree = "<group>"; };
/* End PBXFileReference section */

/* Begin PBXFrameworksBuildPhase section */
		4DF1DF132B2605F7005106A4 /* Frameworks */ = {
			isa = PBXFrameworksBuildPhase;
			buildActionMask = 2147483647;
			files = (
			);
			runOnlyForDeploymentPostprocessing = 0;
		};
/* End PBXFrameworksBuildPhase section */

/* Begin PBXGroup section */
		4DF1DF0D2B2605F7005106A4 = {
			isa = PBXGroup;
			children = (
				4DF1DF182B2605F7005106A4 /* testSwiftUI */,
				4DF1DF172B2605F7005106A4 /* Products */,
			);
			sourceTree = "<group>";
		};
		4DF1DF172B2605F7005106A4 /* Products */ = {
			isa = PBXGroup;
			children = (
				4DF1DF162B2605F7005106A4 /* testSwiftUI.app */,
			);
			name = Products;
			sourceTree = "<group>";
		};
		4DF1DF182B2605F7005106A4 /* testSwiftUI */ = {
			isa = PBXGroup;
			children = (
				4DF1DF192B2605F7005106A4 /* testSwiftUIApp.swift */,
				4D0D1E662B314D3600A407D9 /* paddings.swift */,
				4D0D1E602B306EBE00A407D9 /* overlays.swift */,
				4DF1DF272B26A675005106A4 /* Gradiants.swift */,
				4DF1DF1B2B2605F7005106A4 /* ContentView.swift */,
				4DF1DF292B27ED7A005106A4 /* systemIcons.swift */,
				4DF1DF2B2B27F263005106A4 /* Images.swift */,
				4DF1DF2D2B289283005106A4 /* frams.swift */,
				4D0D1E5E2B3069B500A407D9 /* backgroundsandoverlays.swift */,
				4D0D1E622B31313F00A407D9 /* overlaysandbackgroundspractical.swift */,
				4D0D1E642B31452F00A407D9 /* stackviews.swift */,
				4DF1DF1D2B2605FA005106A4 /* Assets.xcassets */,
				4DF1DF1F2B2605FA005106A4 /* Preview Content */,
			);
			path = testSwiftUI;
			sourceTree = "<group>";
		};
		4DF1DF1F2B2605FA005106A4 /* Preview Content */ = {
			isa = PBXGroup;
			children = (
				4DF1DF202B2605FA005106A4 /* Preview Assets.xcassets */,
			);
			path = "Preview Content";
			sourceTree = "<group>";
		};
/* End PBXGroup section */

/* Begin PBXNativeTarget section */
		4DF1DF152B2605F7005106A4 /* testSwiftUI */ = {
			isa = PBXNativeTarget;
			buildConfigurationList = 4DF1DF242B2605FA005106A4 /* Build configuration list for PBXNativeTarget "testSwiftUI" */;
			buildPhases = (
				4DF1DF122B2605F7005106A4 /* Sources */,
				4DF1DF132B2605F7005106A4 /* Frameworks */,
				4DF1DF142B2605F7005106A4 /* Resources */,
			);
			buildRules = (
			);
			dependencies = (
			);
			name = testSwiftUI;
			productName = testSwiftUI;
			productReference = 4DF1DF162B2605F7005106A4 /* testSwiftUI.app */;
			productType = "com.apple.product-type.application";
		};
/* End PBXNativeTarget section */

/* Begin PBXProject section */
		4DF1DF0E2B2605F7005106A4 /* Project object */ = {
			isa = PBXProject;
			attributes = {
				BuildIndependentTargetsInParallel = 1;
				LastSwiftUpdateCheck = 1430;
				LastUpgradeCheck = 1430;
				TargetAttributes = {
					4DF1DF152B2605F7005106A4 = {
						CreatedOnToolsVersion = 14.3.1;
					};
				};
			};
			buildConfigurationList = 4DF1DF112B2605F7005106A4 /* Build configuration list for PBXProject "testSwiftUI" */;
			compatibilityVersion = "Xcode 14.0";
			developmentRegion = en;
			hasScannedForEncodings = 0;
			knownRegions = (
				en,
				Base,
			);
			mainGroup = 4DF1DF0D2B2605F7005106A4;
			productRefGroup = 4DF1DF172B2605F7005106A4 /* Products */;
			projectDirPath = "";
			projectRoot = "";
			targets = (
				4DF1DF152B2605F7005106A4 /* testSwiftUI */,
			);
		};
/* End PBXProject section */

/* Begin PBXResourcesBuildPhase section */
		4DF1DF142B2605F7005106A4 /* Resources */ = {
			isa = PBXResourcesBuildPhase;
			buildActionMask = 2147483647;
			files = (
				4DF1DF212B2605FA005106A4 /* Preview Assets.xcassets in Resources */,
				4DF1DF1E2B2605FA005106A4 /* Assets.xcassets in Resources */,
			);
			runOnlyForDeploymentPostprocessing = 0;
		};
/* End PBXResourcesBuildPhase section */

/* Begin PBXSourcesBuildPhase section */
		4DF1DF122B2605F7005106A4 /* Sources */ = {
			isa = PBXSourcesBuildPhase;
			buildActionMask = 2147483647;
			files = (
				4DF1DF282B26A675005106A4 /* Gradiants.swift in Sources */,
				4DF1DF2A2B27ED7A005106A4 /* systemIcons.swift in Sources */,
				4DF1DF2C2B27F263005106A4 /* Images.swift in Sources */,
				4DF1DF2E2B289283005106A4 /* frams.swift in Sources */,
				4D0D1E5F2B3069B500A407D9 /* backgroundsandoverlays.swift in Sources */,
				4D0D1E672B314D3600A407D9 /* paddings.swift in Sources */,
				4DF1DF1C2B2605F7005106A4 /* ContentView.swift in Sources */,
				4D0D1E632B31313F00A407D9 /* overlaysandbackgroundspractical.swift in Sources */,
				4D0D1E652B31452F00A407D9 /* stackviews.swift in Sources */,
				4D0D1E612B306EBE00A407D9 /* overlays.swift in Sources */,
				4DF1DF1A2B2605F7005106A4 /* testSwiftUIApp.swift in Sources */,
			);
			runOnlyForDeploymentPostprocessing = 0;
		};
/* End PBXSourcesBuildPhase section */

/* Begin XCBuildConfiguration section */
		4DF1DF222B2605FA005106A4 /* Debug */ = {
			isa = XCBuildConfiguration;
			buildSettings = {
				ALWAYS_SEARCH_USER_PATHS = NO;
				CLANG_ANALYZER_NONNULL = YES;
				CLANG_ANALYZER_NUMBER_OBJECT_CONVERSION = YES_AGGRESSIVE;
				CLANG_CXX_LANGUAGE_STANDARD = "gnu++20";
				CLANG_ENABLE_MODULES = YES;
				CLANG_ENABLE_OBJC_ARC = YES;
				CLANG_ENABLE_OBJC_WEAK = YES;
				CLANG_WARN_BLOCK_CAPTURE_AUTORELEASING = YES;
				CLANG_WARN_BOOL_CONVERSION = YES;
				CLANG_WARN_COMMA = YES;
				CLANG_WARN_CONSTANT_CONVERSION = YES;
				CLANG_WARN_DEPRECATED_OBJC_IMPLEMENTATIONS = YES;
				CLANG_WARN_DIRECT_OBJC_ISA_USAGE = YES_ERROR;
				CLANG_WARN_DOCUMENTATION_COMMENTS = YES;
				CLANG_WARN_EMPTY_BODY = YES;
				CLANG_WARN_ENUM_CONVERSION = YES;
				CLANG_WARN_INFINITE_RECURSION = YES;
				CLANG_WARN_INT_CONVERSION = YES;
				CLANG_WARN_NON_LITERAL_NULL_CONVERSION = YES;
				CLANG_WARN_OBJC_IMPLICIT_RETAIN_SELF = YES;
				CLANG_WARN_OBJC_LITERAL_CONVERSION = YES;
				CLANG_WARN_OBJC_ROOT_CLASS = YES_ERROR;
				CLANG_WARN_QUOTED_INCLUDE_IN_FRAMEWORK_HEADER = YES;
				CLANG_WARN_RANGE_LOOP_ANALYSIS = YES;
				CLANG_WARN_STRICT_PROTOTYPES = YES;
				CLANG_WARN_SUSPICIOUS_MOVE = YES;
				CLANG_WARN_UNGUARDED_AVAILABILITY = YES_AGGRESSIVE;
				CLANG_WARN_UNREACHABLE_CODE = YES;
				CLANG_WARN__DUPLICATE_METHOD_MATCH = YES;
				COPY_PHASE_STRIP = NO;
				DEBUG_INFORMATION_FORMAT = dwarf;
				ENABLE_STRICT_OBJC_MSGSEND = YES;
				ENABLE_TESTABILITY = YES;
				GCC_C_LANGUAGE_STANDARD = gnu11;
				GCC_DYNAMIC_NO_PIC = NO;
				GCC_NO_COMMON_BLOCKS = YES;
				GCC_OPTIMIZATION_LEVEL = 0;
				GCC_PREPROCESSOR_DEFINITIONS = (
					"DEBUG=1",
					"$(inherited)",
				);
				GCC_WARN_64_TO_32_BIT_CONVERSION = YES;
				GCC_WARN_ABOUT_RETURN_TYPE = YES_ERROR;
				GCC_WARN_UNDECLARED_SELECTOR = YES;
				GCC_WARN_UNINITIALIZED_AUTOS = YES_AGGRESSIVE;
				GCC_WARN_UNUSED_FUNCTION = YES;
				GCC_WARN_UNUSED_VARIABLE = YES;
				IPHONEOS_DEPLOYMENT_TARGET = 16.4;
				MTL_ENABLE_DEBUG_INFO = INCLUDE_SOURCE;
				MTL_FAST_MATH = YES;
				ONLY_ACTIVE_ARCH = YES;
				SDKROOT = iphoneos;
				SWIFT_ACTIVE_COMPILATION_CONDITIONS = DEBUG;
				SWIFT_OPTIMIZATION_LEVEL = "-Onone";
			};
			name = Debug;
		};
		4DF1DF232B2605FA005106A4 /* Release */ = {
			isa = XCBuildConfiguration;
			buildSettings = {
				ALWAYS_SEARCH_USER_PATHS = NO;
				CLANG_ANALYZER_NONNULL = YES;
				CLANG_ANALYZER_NUMBER_OBJECT_CONVERSION = YES_AGGRESSIVE;
				CLANG_CXX_LANGUAGE_STANDARD = "gnu++20";
				CLANG_ENABLE_MODULES = YES;
				CLANG_ENABLE_OBJC_ARC = YES;
				CLANG_ENABLE_OBJC_WEAK = YES;
				CLANG_WARN_BLOCK_CAPTURE_AUTORELEASING = YES;
				CLANG_WARN_BOOL_CONVERSION = YES;
				CLANG_WARN_COMMA = YES;
				CLANG_WARN_CONSTANT_CONVERSION = YES;
				CLANG_WARN_DEPRECATED_OBJC_IMPLEMENTATIONS = YES;
				CLANG_WARN_DIRECT_OBJC_ISA_USAGE = YES_ERROR;
				CLANG_WARN_DOCUMENTATION_COMMENTS = YES;
				CLANG_WARN_EMPTY_BODY = YES;
				CLANG_WARN_ENUM_CONVERSION = YES;
				CLANG_WARN_INFINITE_RECURSION = YES;
				CLANG_WARN_INT_CONVERSION = YES;
				CLANG_WARN_NON_LITERAL_NULL_CONVERSION = YES;
				CLANG_WARN_OBJC_IMPLICIT_RETAIN_SELF = YES;
				CLANG_WARN_OBJC_LITERAL_CONVERSION = YES;
				CLANG_WARN_OBJC_ROOT_CLASS = YES_ERROR;
				CLANG_WARN_QUOTED_INCLUDE_IN_FRAMEWORK_HEADER = YES;
				CLANG_WARN_RANGE_LOOP_ANALYSIS = YES;
				CLANG_WARN_STRICT_PROTOTYPES = YES;
				CLANG_WARN_SUSPICIOUS_MOVE = YES;
				CLANG_WARN_UNGUARDED_AVAILABILITY = YES_AGGRESSIVE;
				CLANG_WARN_UNREACHABLE_CODE = YES;
				CLANG_WARN__DUPLICATE_METHOD_MATCH = YES;
				COPY_PHASE_STRIP = NO;
				DEBUG_INFORMATION_FORMAT = "dwarf-with-dsym";
				ENABLE_NS_ASSERTIONS = NO;
				ENABLE_STRICT_OBJC_MSGSEND = YES;
				GCC_C_LANGUAGE_STANDARD = gnu11;
				GCC_NO_COMMON_BLOCKS = YES;
				GCC_WARN_64_TO_32_BIT_CONVERSION = YES;
				GCC_WARN_ABOUT_RETURN_TYPE = YES_ERROR;
				GCC_WARN_UNDECLARED_SELECTOR = YES;
				GCC_WARN_UNINITIALIZED_AUTOS = YES_AGGRESSIVE;
				GCC_WARN_UNUSED_FUNCTION = YES;
				GCC_WARN_UNUSED_VARIABLE = YES;
				IPHONEOS_DEPLOYMENT_TARGET = 16.4;
				MTL_ENABLE_DEBUG_INFO = NO;
				MTL_FAST_MATH = YES;
				SDKROOT = iphoneos;
				SWIFT_COMPILATION_MODE = wholemodule;
				SWIFT_OPTIMIZATION_LEVEL = "-O";
				VALIDATE_PRODUCT = YES;
			};
			name = Release;
		};
		4DF1DF252B2605FA005106A4 /* Debug */ = {
			isa = XCBuildConfiguration;
			buildSettings = {
				ASSETCATALOG_COMPILER_APPICON_NAME = AppIcon;
				ASSETCATALOG_COMPILER_GLOBAL_ACCENT_COLOR_NAME = AccentColor;
				CODE_SIGN_STYLE = Automatic;
				CURRENT_PROJECT_VERSION = 1;
				DEVELOPMENT_ASSET_PATHS = "\"testSwiftUI/Preview Content\"";
				DEVELOPMENT_TEAM = CDY4S44M5Q;
				ENABLE_PREVIEWS = YES;
				GENERATE_INFOPLIST_FILE = YES;
				INFOPLIST_KEY_UIApplicationSceneManifest_Generation = YES;
				INFOPLIST_KEY_UIApplicationSupportsIndirectInputEvents = YES;
				INFOPLIST_KEY_UILaunchScreen_Generation = YES;
				INFOPLIST_KEY_UISupportedInterfaceOrientations_iPad = "UIInterfaceOrientationPortrait UIInterfaceOrientationPortraitUpsideDown UIInterfaceOrientationLandscapeLeft UIInterfaceOrientationLandscapeRight";
				INFOPLIST_KEY_UISupportedInterfaceOrientations_iPhone = "UIInterfaceOrientationPortrait UIInterfaceOrientationLandscapeLeft UIInterfaceOrientationLandscapeRight";
				LD_RUNPATH_SEARCH_PATHS = (
					"$(inherited)",
					"@executable_path/Frameworks",
				);
				MARKETING_VERSION = 1.0;
				PRODUCT_BUNDLE_IDENTIFIER = com.star.was.testSwiftUI;
				PRODUCT_NAME = "$(TARGET_NAME)";
				SWIFT_EMIT_LOC_STRINGS = YES;
				SWIFT_VERSION = 5.0;
				TARGETED_DEVICE_FAMILY = "1,2";
			};
			name = Debug;
		};
		4DF1DF262B2605FA005106A4 /* Release */ = {
			isa = XCBuildConfiguration;
			buildSettings = {
				ASSETCATALOG_COMPILER_APPICON_NAME = AppIcon;
				ASSETCATALOG_COMPILER_GLOBAL_ACCENT_COLOR_NAME = AccentColor;
				CODE_SIGN_STYLE = Automatic;
				CURRENT_PROJECT_VERSION = 1;
				DEVELOPMENT_ASSET_PATHS = "\"testSwiftUI/Preview Content\"";
				DEVELOPMENT_TEAM = CDY4S44M5Q;
				ENABLE_PREVIEWS = YES;
				GENERATE_INFOPLIST_FILE = YES;
				INFOPLIST_KEY_UIApplicationSceneManifest_Generation = YES;
				INFOPLIST_KEY_UIApplicationSupportsIndirectInputEvents = YES;
				INFOPLIST_KEY_UILaunchScreen_Generation = YES;
				INFOPLIST_KEY_UISupportedInterfaceOrientations_iPad = "UIInterfaceOrientationPortrait UIInterfaceOrientationPortraitUpsideDown UIInterfaceOrientationLandscapeLeft UIInterfaceOrientationLandscapeRight";
				INFOPLIST_KEY_UISupportedInterfaceOrientations_iPhone = "UIInterfaceOrientationPortrait UIInterfaceOrientationLandscapeLeft UIInterfaceOrientationLandscapeRight";
				LD_RUNPATH_SEARCH_PATHS = (
					"$(inherited)",
					"@executable_path/Frameworks",
				);
				MARKETING_VERSION = 1.0;
				PRODUCT_BUNDLE_IDENTIFIER = com.star.was.testSwiftUI;
				PRODUCT_NAME = "$(TARGET_NAME)";
				SWIFT_EMIT_LOC_STRINGS = YES;
				SWIFT_VERSION = 5.0;
				TARGETED_DEVICE_FAMILY = "1,2";
			};
			name = Release;
		};
/* End XCBuildConfiguration section */

/* Begin XCConfigurationList section */
		4DF1DF112B2605F7005106A4 /* Build configuration list for PBXProject "testSwiftUI" */ = {
			isa = XCConfigurationList;
			buildConfigurations = (
				4DF1DF222B2605FA005106A4 /* Debug */,
				4DF1DF232B2605FA005106A4 /* Release */,
			);
			defaultConfigurationIsVisible = 0;
			defaultConfigurationName = Release;
		};
		4DF1DF242B2605FA005106A4 /* Build configuration list for PBXNativeTarget "testSwiftUI" */ = {
			isa = XCConfigurationList;
			buildConfigurations = (
				4DF1DF252B2605FA005106A4 /* Debug */,
				4DF1DF262B2605FA005106A4 /* Release */,
			);
			defaultConfigurationIsVisible = 0;
			defaultConfigurationName = Release;
		};
/* End XCConfigurationList section */
	};
	rootObject = 4DF1DF0E2B2605F7005106A4 /* Project object */;
}
